// !$*UTF8*$!
{
	archiveVersion = 1;
	classes = {
	};
	objectVersion = 77;
	objects = {

/* Begin PBXContainerItemProxy section */
		90A22D082C9FE9F900B6FDF2 /* PBXContainerItemProxy */ = {
			isa = PBXContainerItemProxy;
			containerPortal = 90A22CEF2C9FE9F600B6FDF2 /* Project object */;
			proxyType = 1;
			remoteGlobalIDString = 90A22CF62C9FE9F600B6FDF2;
			remoteInfo = "WordGarden-SwiftUI";
		};
		90A22D122C9FE9F900B6FDF2 /* PBXContainerItemProxy */ = {
			isa = PBXContainerItemProxy;
			containerPortal = 90A22CEF2C9FE9F600B6FDF2 /* Project object */;
			proxyType = 1;
			remoteGlobalIDString = 90A22CF62C9FE9F600B6FDF2;
			remoteInfo = "WordGarden-SwiftUI";
		};
/* End PBXContainerItemProxy section */

/* Begin PBXFileReference section */
		90A22CF72C9FE9F600B6FDF2 /* WordGarden-SwiftUI.app */ = {isa = PBXFileReference; explicitFileType = wrapper.application; includeInIndex = 0; path = "WordGarden-SwiftUI.app"; sourceTree = BUILT_PRODUCTS_DIR; };
		90A22D072C9FE9F900B6FDF2 /* WordGarden-SwiftUITests.xctest */ = {isa = PBXFileReference; explicitFileType = wrapper.cfbundle; includeInIndex = 0; path = "WordGarden-SwiftUITests.xctest"; sourceTree = BUILT_PRODUCTS_DIR; };
		90A22D112C9FE9F900B6FDF2 /* WordGarden-SwiftUIUITests.xctest */ = {isa = PBXFileReference; explicitFileType = wrapper.cfbundle; includeInIndex = 0; path = "WordGarden-SwiftUIUITests.xctest"; sourceTree = BUILT_PRODUCTS_DIR; };
/* End PBXFileReference section */

/* Begin PBXFileSystemSynchronizedRootGroup section */
		90A22CF92C9FE9F600B6FDF2 /* WordGarden-SwiftUI */ = {
			isa = PBXFileSystemSynchronizedRootGroup;
			path = "WordGarden-SwiftUI";
			sourceTree = "<group>";
		};
		90A22D0A2C9FE9F900B6FDF2 /* WordGarden-SwiftUITests */ = {
			isa = PBXFileSystemSynchronizedRootGroup;
			path = "WordGarden-SwiftUITests";
			sourceTree = "<group>";
		};
		90A22D142C9FE9F900B6FDF2 /* WordGarden-SwiftUIUITests */ = {
			isa = PBXFileSystemSynchronizedRootGroup;
			path = "WordGarden-SwiftUIUITests";
			sourceTree = "<group>";
		};
/* End PBXFileSystemSynchronizedRootGroup section */

/* Begin PBXFrameworksBuildPhase section */
		90A22CF42C9FE9F600B6FDF2 /* Frameworks */ = {
			isa = PBXFrameworksBuildPhase;
			buildActionMask = 2147483647;
			files = (
			);
			runOnlyForDeploymentPostprocessing = 0;
		};
		90A22D042C9FE9F900B6FDF2 /* Frameworks */ = {
			isa = PBXFrameworksBuildPhase;
			buildActionMask = 2147483647;
			files = (
			);
			runOnlyForDeploymentPostprocessing = 0;
		};
		90A22D0E2C9FE9F900B6FDF2 /* Frameworks */ = {
			isa = PBXFrameworksBuildPhase;
			buildActionMask = 2147483647;
			files = (
			);
			runOnlyForDeploymentPostprocessing = 0;
		};
/* End PBXFrameworksBuildPhase section */

/* Begin PBXGroup section */
		90A22CEE2C9FE9F600B6FDF2 = {
			isa = PBXGroup;
			children = (
				90A22CF92C9FE9F600B6FDF2 /* WordGarden-SwiftUI */,
				90A22D0A2C9FE9F900B6FDF2 /* WordGarden-SwiftUITests */,
				90A22D142C9FE9F900B6FDF2 /* WordGarden-SwiftUIUITests */,
				90A22CF82C9FE9F600B6FDF2 /* Products */,
			);
			sourceTree = "<group>";
		};
		90A22CF82C9FE9F600B6FDF2 /* Products */ = {
			isa = PBXGroup;
			children = (
				90A22CF72C9FE9F600B6FDF2 /* WordGarden-SwiftUI.app */,
				90A22D072C9FE9F900B6FDF2 /* WordGarden-SwiftUITests.xctest */,
				90A22D112C9FE9F900B6FDF2 /* WordGarden-SwiftUIUITests.xctest */,
			);
			name = Products;
			sourceTree = "<group>";
		};
/* End PBXGroup section */

/* Begin PBXNativeTarget section */
		90A22CF62C9FE9F600B6FDF2 /* WordGarden-SwiftUI */ = {
			isa = PBXNativeTarget;
			buildConfigurationList = 90A22D1B2C9FE9F900B6FDF2 /* Build configuration list for PBXNativeTarget "WordGarden-SwiftUI" */;
			buildPhases = (
				90A22CF32C9FE9F600B6FDF2 /* Sources */,
				90A22CF42C9FE9F600B6FDF2 /* Frameworks */,
				90A22CF52C9FE9F600B6FDF2 /* Resources */,
			);
			buildRules = (
			);
			dependencies = (
			);
			fileSystemSynchronizedGroups = (
				90A22CF92C9FE9F600B6FDF2 /* WordGarden-SwiftUI */,
			);
			name = "WordGarden-SwiftUI";
			packageProductDependencies = (
			);
			productName = "WordGarden-SwiftUI";
			productReference = 90A22CF72C9FE9F600B6FDF2 /* WordGarden-SwiftUI.app */;
			productType = "com.apple.product-type.application";
		};
		90A22D062C9FE9F900B6FDF2 /* WordGarden-SwiftUITests */ = {
			isa = PBXNativeTarget;
			buildConfigurationList = 90A22D1E2C9FE9F900B6FDF2 /* Build configuration list for PBXNativeTarget "WordGarden-SwiftUITests" */;
			buildPhases = (
				90A22D032C9FE9F900B6FDF2 /* Sources */,
				90A22D042C9FE9F900B6FDF2 /* Frameworks */,
				90A22D052C9FE9F900B6FDF2 /* Resources */,
			);
			buildRules = (
			);
			dependencies = (
				90A22D092C9FE9F900B6FDF2 /* PBXTargetDependency */,
			);
			fileSystemSynchronizedGroups = (
				90A22D0A2C9FE9F900B6FDF2 /* WordGarden-SwiftUITests */,
			);
			name = "WordGarden-SwiftUITests";
			packageProductDependencies = (
			);
			productName = "WordGarden-SwiftUITests";
			productReference = 90A22D072C9FE9F900B6FDF2 /* WordGarden-SwiftUITests.xctest */;
			productType = "com.apple.product-type.bundle.unit-test";
		};
		90A22D102C9FE9F900B6FDF2 /* WordGarden-SwiftUIUITests */ = {
			isa = PBXNativeTarget;
			buildConfigurationList = 90A22D212C9FE9F900B6FDF2 /* Build configuration list for PBXNativeTarget "WordGarden-SwiftUIUITests" */;
			buildPhases = (
				90A22D0D2C9FE9F900B6FDF2 /* Sources */,
				90A22D0E2C9FE9F900B6FDF2 /* Frameworks */,
				90A22D0F2C9FE9F900B6FDF2 /* Resources */,
			);
			buildRules = (
			);
			dependencies = (
				90A22D132C9FE9F900B6FDF2 /* PBXTargetDependency */,
			);
			fileSystemSynchronizedGroups = (
				90A22D142C9FE9F900B6FDF2 /* WordGarden-SwiftUIUITests */,
			);
			name = "WordGarden-SwiftUIUITests";
			packageProductDependencies = (
			);
			productName = "WordGarden-SwiftUIUITests";
			productReference = 90A22D112C9FE9F900B6FDF2 /* WordGarden-SwiftUIUITests.xctest */;
			productType = "com.apple.product-type.bundle.ui-testing";
		};
/* End PBXNativeTarget section */

/* Begin PBXProject section */
		90A22CEF2C9FE9F600B6FDF2 /* Project object */ = {
			isa = PBXProject;
			attributes = {
				BuildIndependentTargetsInParallel = 1;
				LastSwiftUpdateCheck = 1600;
				LastUpgradeCheck = 1600;
				TargetAttributes = {
					90A22CF62C9FE9F600B6FDF2 = {
						CreatedOnToolsVersion = 16.0;
					};
					90A22D062C9FE9F900B6FDF2 = {
						CreatedOnToolsVersion = 16.0;
						TestTargetID = 90A22CF62C9FE9F600B6FDF2;
					};
					90A22D102C9FE9F900B6FDF2 = {
						CreatedOnToolsVersion = 16.0;
						TestTargetID = 90A22CF62C9FE9F600B6FDF2;
					};
				};
			};
			buildConfigurationList = 90A22CF22C9FE9F600B6FDF2 /* Build configuration list for PBXProject "WordGarden-SwiftUI" */;
			developmentRegion = en;
			hasScannedForEncodings = 0;
			knownRegions = (
				en,
				Base,
			);
			mainGroup = 90A22CEE2C9FE9F600B6FDF2;
			minimizedProjectReferenceProxies = 1;
			preferredProjectObjectVersion = 77;
			productRefGroup = 90A22CF82C9FE9F600B6FDF2 /* Products */;
			projectDirPath = "";
			projectRoot = "";
			targets = (
				90A22CF62C9FE9F600B6FDF2 /* WordGarden-SwiftUI */,
				90A22D062C9FE9F900B6FDF2 /* WordGarden-SwiftUITests */,
				90A22D102C9FE9F900B6FDF2 /* WordGarden-SwiftUIUITests */,
			);
		};
/* End PBXProject section */

/* Begin PBXResourcesBuildPhase section */
		90A22CF52C9FE9F600B6FDF2 /* Resources */ = {
			isa = PBXResourcesBuildPhase;
			buildActionMask = 2147483647;
			files = (
			);
			runOnlyForDeploymentPostprocessing = 0;
		};
		90A22D052C9FE9F900B6FDF2 /* Resources */ = {
			isa = PBXResourcesBuildPhase;
			buildActionMask = 2147483647;
			files = (
			);
			runOnlyForDeploymentPostprocessing = 0;
		};
		90A22D0F2C9FE9F900B6FDF2 /* Resources */ = {
			isa = PBXResourcesBuildPhase;
			buildActionMask = 2147483647;
			files = (
			);
			runOnlyForDeploymentPostprocessing = 0;
		};
/* End PBXResourcesBuildPhase section */

/* Begin PBXSourcesBuildPhase section */
		90A22CF32C9FE9F600B6FDF2 /* Sources */ = {
			isa = PBXSourcesBuildPhase;
			buildActionMask = 2147483647;
			files = (
			);
			runOnlyForDeploymentPostprocessing = 0;
		};
		90A22D032C9FE9F900B6FDF2 /* Sources */ = {
			isa = PBXSourcesBuildPhase;
			buildActionMask = 2147483647;
			files = (
			);
			runOnlyForDeploymentPostprocessing = 0;
		};
		90A22D0D2C9FE9F900B6FDF2 /* Sources */ = {
			isa = PBXSourcesBuildPhase;
			buildActionMask = 2147483647;
			files = (
			);
			runOnlyForDeploymentPostprocessing = 0;
		};
/* End PBXSourcesBuildPhase section */

/* Begin PBXTargetDependency section */
		90A22D092C9FE9F900B6FDF2 /* PBXTargetDependency */ = {
			isa = PBXTargetDependency;
			target = 90A22CF62C9FE9F600B6FDF2 /* WordGarden-SwiftUI */;
			targetProxy = 90A22D082C9FE9F900B6FDF2 /* PBXContainerItemProxy */;
		};
		90A22D132C9FE9F900B6FDF2 /* PBXTargetDependency */ = {
			isa = PBXTargetDependency;
			target = 90A22CF62C9FE9F600B6FDF2 /* WordGarden-SwiftUI */;
			targetProxy = 90A22D122C9FE9F900B6FDF2 /* PBXContainerItemProxy */;
		};
/* End PBXTargetDependency section */

/* Begin XCBuildConfiguration section */
		90A22D192C9FE9F900B6FDF2 /* Debug */ = {
			isa = XCBuildConfiguration;
			buildSettings = {
				ALWAYS_SEARCH_USER_PATHS = NO;
				ASSETCATALOG_COMPILER_GENERATE_SWIFT_ASSET_SYMBOL_EXTENSIONS = YES;
				CLANG_ANALYZER_NONNULL = YES;
				CLANG_ANALYZER_NUMBER_OBJECT_CONVERSION = YES_AGGRESSIVE;
				CLANG_CXX_LANGUAGE_STANDARD = "gnu++20";
				CLANG_ENABLE_MODULES = YES;
				CLANG_ENABLE_OBJC_ARC = YES;
				CLANG_ENABLE_OBJC_WEAK = YES;
				CLANG_WARN_BLOCK_CAPTURE_AUTORELEASING = YES;
				CLANG_WARN_BOOL_CONVERSION = YES;
				CLANG_WARN_COMMA = YES;
				CLANG_WARN_CONSTANT_CONVERSION = YES;
				CLANG_WARN_DEPRECATED_OBJC_IMPLEMENTATIONS = YES;
				CLANG_WARN_DIRECT_OBJC_ISA_USAGE = YES_ERROR;
				CLANG_WARN_DOCUMENTATION_COMMENTS = YES;
				CLANG_WARN_EMPTY_BODY = YES;
				CLANG_WARN_ENUM_CONVERSION = YES;
				CLANG_WARN_INFINITE_RECURSION = YES;
				CLANG_WARN_INT_CONVERSION = YES;
				CLANG_WARN_NON_LITERAL_NULL_CONVERSION = YES;
				CLANG_WARN_OBJC_IMPLICIT_RETAIN_SELF = YES;
				CLANG_WARN_OBJC_LITERAL_CONVERSION = YES;
				CLANG_WARN_OBJC_ROOT_CLASS = YES_ERROR;
				CLANG_WARN_QUOTED_INCLUDE_IN_FRAMEWORK_HEADER = YES;
				CLANG_WARN_RANGE_LOOP_ANALYSIS = YES;
				CLANG_WARN_STRICT_PROTOTYPES = YES;
				CLANG_WARN_SUSPICIOUS_MOVE = YES;
				CLANG_WARN_UNGUARDED_AVAILABILITY = YES_AGGRESSIVE;
				CLANG_WARN_UNREACHABLE_CODE = YES;
				CLANG_WARN__DUPLICATE_METHOD_MATCH = YES;
				COPY_PHASE_STRIP = NO;
				DEBUG_INFORMATION_FORMAT = dwarf;
				ENABLE_STRICT_OBJC_MSGSEND = YES;
				ENABLE_TESTABILITY = YES;
				ENABLE_USER_SCRIPT_SANDBOXING = YES;
				GCC_C_LANGUAGE_STANDARD = gnu17;
				GCC_DYNAMIC_NO_PIC = NO;
				GCC_NO_COMMON_BLOCKS = YES;
				GCC_OPTIMIZATION_LEVEL = 0;
				GCC_PREPROCESSOR_DEFINITIONS = (
					"DEBUG=1",
					"$(inherited)",
				);
				GCC_WARN_64_TO_32_BIT_CONVERSION = YES;
				GCC_WARN_ABOUT_RETURN_TYPE = YES_ERROR;
				GCC_WARN_UNDECLARED_SELECTOR = YES;
				GCC_WARN_UNINITIALIZED_AUTOS = YES_AGGRESSIVE;
				GCC_WARN_UNUSED_FUNCTION = YES;
				GCC_WARN_UNUSED_VARIABLE = YES;
				IPHONEOS_DEPLOYMENT_TARGET = 18.0;
				LOCALIZATION_PREFERS_STRING_CATALOGS = YES;
				MTL_ENABLE_DEBUG_INFO = INCLUDE_SOURCE;
				MTL_FAST_MATH = YES;
				ONLY_ACTIVE_ARCH = YES;
				SDKROOT = iphoneos;
				SWIFT_ACTIVE_COMPILATION_CONDITIONS = "DEBUG $(inherited)";
				SWIFT_OPTIMIZATION_LEVEL = "-Onone";
			};
			name = Debug;
		};
		90A22D1A2C9FE9F900B6FDF2 /* Release */ = {
			isa = XCBuildConfiguration;
			buildSettings = {
				ALWAYS_SEARCH_USER_PATHS = NO;
				ASSETCATALOG_COMPILER_GENERATE_SWIFT_ASSET_SYMBOL_EXTENSIONS = YES;
				CLANG_ANALYZER_NONNULL = YES;
				CLANG_ANALYZER_NUMBER_OBJECT_CONVERSION = YES_AGGRESSIVE;
				CLANG_CXX_LANGUAGE_STANDARD = "gnu++20";
				CLANG_ENABLE_MODULES = YES;
				CLANG_ENABLE_OBJC_ARC = YES;
				CLANG_ENABLE_OBJC_WEAK = YES;
				CLANG_WARN_BLOCK_CAPTURE_AUTORELEASING = YES;
				CLANG_WARN_BOOL_CONVERSION = YES;
				CLANG_WARN_COMMA = YES;
				CLANG_WARN_CONSTANT_CONVERSION = YES;
				CLANG_WARN_DEPRECATED_OBJC_IMPLEMENTATIONS = YES;
				CLANG_WARN_DIRECT_OBJC_ISA_USAGE = YES_ERROR;
				CLANG_WARN_DOCUMENTATION_COMMENTS = YES;
				CLANG_WARN_EMPTY_BODY = YES;
				CLANG_WARN_ENUM_CONVERSION = YES;
				CLANG_WARN_INFINITE_RECURSION = YES;
				CLANG_WARN_INT_CONVERSION = YES;
				CLANG_WARN_NON_LITERAL_NULL_CONVERSION = YES;
				CLANG_WARN_OBJC_IMPLICIT_RETAIN_SELF = YES;
				CLANG_WARN_OBJC_LITERAL_CONVERSION = YES;
				CLANG_WARN_OBJC_ROOT_CLASS = YES_ERROR;
				CLANG_WARN_QUOTED_INCLUDE_IN_FRAMEWORK_HEADER = YES;
				CLANG_WARN_RANGE_LOOP_ANALYSIS = YES;
				CLANG_WARN_STRICT_PROTOTYPES = YES;
				CLANG_WARN_SUSPICIOUS_MOVE = YES;
				CLANG_WARN_UNGUARDED_AVAILABILITY = YES_AGGRESSIVE;
				CLANG_WARN_UNREACHABLE_CODE = YES;
				CLANG_WARN__DUPLICATE_METHOD_MATCH = YES;
				COPY_PHASE_STRIP = NO;
				DEBUG_INFORMATION_FORMAT = "dwarf-with-dsym";
				ENABLE_NS_ASSERTIONS = NO;
				ENABLE_STRICT_OBJC_MSGSEND = YES;
				ENABLE_USER_SCRIPT_SANDBOXING = YES;
				GCC_C_LANGUAGE_STANDARD = gnu17;
				GCC_NO_COMMON_BLOCKS = YES;
				GCC_WARN_64_TO_32_BIT_CONVERSION = YES;
				GCC_WARN_ABOUT_RETURN_TYPE = YES_ERROR;
				GCC_WARN_UNDECLARED_SELECTOR = YES;
				GCC_WARN_UNINITIALIZED_AUTOS = YES_AGGRESSIVE;
				GCC_WARN_UNUSED_FUNCTION = YES;
				GCC_WARN_UNUSED_VARIABLE = YES;
				IPHONEOS_DEPLOYMENT_TARGET = 18.0;
				LOCALIZATION_PREFERS_STRING_CATALOGS = YES;
				MTL_ENABLE_DEBUG_INFO = NO;
				MTL_FAST_MATH = YES;
				SDKROOT = iphoneos;
				SWIFT_COMPILATION_MODE = wholemodule;
				VALIDATE_PRODUCT = YES;
			};
			name = Release;
		};
		90A22D1C2C9FE9F900B6FDF2 /* Debug */ = {
			isa = XCBuildConfiguration;
			buildSettings = {
				ASSETCATALOG_COMPILER_APPICON_NAME = AppIcon;
				ASSETCATALOG_COMPILER_GLOBAL_ACCENT_COLOR_NAME = AccentColor;
				CODE_SIGN_STYLE = Automatic;
				CURRENT_PROJECT_VERSION = 1;
				DEVELOPMENT_ASSET_PATHS = "\"WordGarden-SwiftUI/Preview Content\"";
				DEVELOPMENT_TEAM = JM89T8TWA2;
				ENABLE_PREVIEWS = YES;
				GENERATE_INFOPLIST_FILE = YES;
				INFOPLIST_KEY_UIApplicationSceneManifest_Generation = YES;
				INFOPLIST_KEY_UIApplicationSupportsIndirectInputEvents = YES;
				INFOPLIST_KEY_UILaunchScreen_Generation = YES;
				INFOPLIST_KEY_UISupportedInterfaceOrientations_iPad = "UIInterfaceOrientationPortrait UIInterfaceOrientationPortraitUpsideDown UIInterfaceOrientationLandscapeLeft UIInterfaceOrientationLandscapeRight";
				INFOPLIST_KEY_UISupportedInterfaceOrientations_iPhone = "UIInterfaceOrientationPortrait UIInterfaceOrientationLandscapeLeft UIInterfaceOrientationLandscapeRight";
				LD_RUNPATH_SEARCH_PATHS = (
					"$(inherited)",
					"@executable_path/Frameworks",
				);
				MARKETING_VERSION = 1.0;
				PRODUCT_BUNDLE_IDENTIFIER = "com.hong.WordGarden-SwiftUI";
				PRODUCT_NAME = "$(TARGET_NAME)";
				SWIFT_EMIT_LOC_STRINGS = YES;
				SWIFT_VERSION = 5.0;
				TARGETED_DEVICE_FAMILY = "1,2";
			};
			name = Debug;
		};
		90A22D1D2C9FE9F900B6FDF2 /* Release */ = {
			isa = XCBuildConfiguration;
			buildSettings = {
				ASSETCATALOG_COMPILER_APPICON_NAME = AppIcon;
				ASSETCATALOG_COMPILER_GLOBAL_ACCENT_COLOR_NAME = AccentColor;
				CODE_SIGN_STYLE = Automatic;
				CURRENT_PROJECT_VERSION = 1;
				DEVELOPMENT_ASSET_PATHS = "\"WordGarden-SwiftUI/Preview Content\"";
				DEVELOPMENT_TEAM = JM89T8TWA2;
				ENABLE_PREVIEWS = YES;
				GENERATE_INFOPLIST_FILE = YES;
				INFOPLIST_KEY_UIApplicationSceneManifest_Generation = YES;
				INFOPLIST_KEY_UIApplicationSupportsIndirectInputEvents = YES;
				INFOPLIST_KEY_UILaunchScreen_Generation = YES;
				INFOPLIST_KEY_UISupportedInterfaceOrientations_iPad = "UIInterfaceOrientationPortrait UIInterfaceOrientationPortraitUpsideDown UIInterfaceOrientationLandscapeLeft UIInterfaceOrientationLandscapeRight";
				INFOPLIST_KEY_UISupportedInterfaceOrientations_iPhone = "UIInterfaceOrientationPortrait UIInterfaceOrientationLandscapeLeft UIInterfaceOrientationLandscapeRight";
				LD_RUNPATH_SEARCH_PATHS = (
					"$(inherited)",
					"@executable_path/Frameworks",
				);
				MARKETING_VERSION = 1.0;
				PRODUCT_BUNDLE_IDENTIFIER = "com.hong.WordGarden-SwiftUI";
				PRODUCT_NAME = "$(TARGET_NAME)";
				SWIFT_EMIT_LOC_STRINGS = YES;
				SWIFT_VERSION = 5.0;
				TARGETED_DEVICE_FAMILY = "1,2";
			};
			name = Release;
		};
		90A22D1F2C9FE9F900B6FDF2 /* Debug */ = {
			isa = XCBuildConfiguration;
			buildSettings = {
				BUNDLE_LOADER = "$(TEST_HOST)";
				CODE_SIGN_STYLE = Automatic;
				CURRENT_PROJECT_VERSION = 1;
				DEVELOPMENT_TEAM = JM89T8TWA2;
				GENERATE_INFOPLIST_FILE = YES;
				IPHONEOS_DEPLOYMENT_TARGET = 18.0;
				MARKETING_VERSION = 1.0;
				PRODUCT_BUNDLE_IDENTIFIER = "com.hong.WordGarden-SwiftUITests";
				PRODUCT_NAME = "$(TARGET_NAME)";
				SWIFT_EMIT_LOC_STRINGS = NO;
				SWIFT_VERSION = 5.0;
				TARGETED_DEVICE_FAMILY = "1,2";
				TEST_HOST = "$(BUILT_PRODUCTS_DIR)/WordGarden-SwiftUI.app/$(BUNDLE_EXECUTABLE_FOLDER_PATH)/WordGarden-SwiftUI";
			};
			name = Debug;
		};
		90A22D202C9FE9F900B6FDF2 /* Release */ = {
			isa = XCBuildConfiguration;
			buildSettings = {
				BUNDLE_LOADER = "$(TEST_HOST)";
				CODE_SIGN_STYLE = Automatic;
				CURRENT_PROJECT_VERSION = 1;
				DEVELOPMENT_TEAM = JM89T8TWA2;
				GENERATE_INFOPLIST_FILE = YES;
				IPHONEOS_DEPLOYMENT_TARGET = 18.0;
				MARKETING_VERSION = 1.0;
				PRODUCT_BUNDLE_IDENTIFIER = "com.hong.WordGarden-SwiftUITests";
				PRODUCT_NAME = "$(TARGET_NAME)";
				SWIFT_EMIT_LOC_STRINGS = NO;
				SWIFT_VERSION = 5.0;
				TARGETED_DEVICE_FAMILY = "1,2";
				TEST_HOST = "$(BUILT_PRODUCTS_DIR)/WordGarden-SwiftUI.app/$(BUNDLE_EXECUTABLE_FOLDER_PATH)/WordGarden-SwiftUI";
			};
			name = Release;
		};
		90A22D222C9FE9F900B6FDF2 /* Debug */ = {
			isa = XCBuildConfiguration;
			buildSettings = {
				CODE_SIGN_STYLE = Automatic;
				CURRENT_PROJECT_VERSION = 1;
				DEVELOPMENT_TEAM = JM89T8TWA2;
				GENERATE_INFOPLIST_FILE = YES;
				MARKETING_VERSION = 1.0;
				PRODUCT_BUNDLE_IDENTIFIER = "com.hong.WordGarden-SwiftUIUITests";
				PRODUCT_NAME = "$(TARGET_NAME)";
				SWIFT_EMIT_LOC_STRINGS = NO;
				SWIFT_VERSION = 5.0;
				TARGETED_DEVICE_FAMILY = "1,2";
				TEST_TARGET_NAME = "WordGarden-SwiftUI";
			};
			name = Debug;
		};
		90A22D232C9FE9F900B6FDF2 /* Release */ = {
			isa = XCBuildConfiguration;
			buildSettings = {
				CODE_SIGN_STYLE = Automatic;
				CURRENT_PROJECT_VERSION = 1;
				DEVELOPMENT_TEAM = JM89T8TWA2;
				GENERATE_INFOPLIST_FILE = YES;
				MARKETING_VERSION = 1.0;
				PRODUCT_BUNDLE_IDENTIFIER = "com.hong.WordGarden-SwiftUIUITests";
				PRODUCT_NAME = "$(TARGET_NAME)";
				SWIFT_EMIT_LOC_STRINGS = NO;
				SWIFT_VERSION = 5.0;
				TARGETED_DEVICE_FAMILY = "1,2";
				TEST_TARGET_NAME = "WordGarden-SwiftUI";
			};
			name = Release;
		};
/* End XCBuildConfiguration section */

/* Begin XCConfigurationList section */
		90A22CF22C9FE9F600B6FDF2 /* Build configuration list for PBXProject "WordGarden-SwiftUI" */ = {
			isa = XCConfigurationList;
			buildConfigurations = (
				90A22D192C9FE9F900B6FDF2 /* Debug */,
				90A22D1A2C9FE9F900B6FDF2 /* Release */,
			);
			defaultConfigurationIsVisible = 0;
			defaultConfigurationName = Release;
		};
		90A22D1B2C9FE9F900B6FDF2 /* Build configuration list for PBXNativeTarget "WordGarden-SwiftUI" */ = {
			isa = XCConfigurationList;
			buildConfigurations = (
				90A22D1C2C9FE9F900B6FDF2 /* Debug */,
				90A22D1D2C9FE9F900B6FDF2 /* Release */,
			);
			defaultConfigurationIsVisible = 0;
			defaultConfigurationName = Release;
		};
		90A22D1E2C9FE9F900B6FDF2 /* Build configuration list for PBXNativeTarget "WordGarden-SwiftUITests" */ = {
			isa = XCConfigurationList;
			buildConfigurations = (
				90A22D1F2C9FE9F900B6FDF2 /* Debug */,
				90A22D202C9FE9F900B6FDF2 /* Release */,
			);
			defaultConfigurationIsVisible = 0;
			defaultConfigurationName = Release;
		};
		90A22D212C9FE9F900B6FDF2 /* Build configuration list for PBXNativeTarget "WordGarden-SwiftUIUITests" */ = {
			isa = XCConfigurationList;
			buildConfigurations = (
				90A22D222C9FE9F900B6FDF2 /* Debug */,
				90A22D232C9FE9F900B6FDF2 /* Release */,
			);
			defaultConfigurationIsVisible = 0;
			defaultConfigurationName = Release;
		};
/* End XCConfigurationList section */
	};
	rootObject = 90A22CEF2C9FE9F600B6FDF2 /* Project object */;
}
